{
  "name": "pnpm-local-install",
  "version": "0.0.0",
  "lockfileVersion": 3,
  "requires": true,
  "packages": {
    "": {
      "name": "pnpm-local-install",
      "version": "0.0.0",
      "dependencies": {
        "pnpm": "6.7.1"
      }
    },
    "node_modules/pnpm": {
      "version": "6.7.1",
      "resolved": "https://registry.npmjs.org/pnpm/-/pnpm-6.7.1.tgz",
      "integrity": "sha512-XVMlcMqroV6dp89MYMv1RBAk0jbfOy6xwNIySqC/7q+oRNJx4vHI3cIVCYwrKoBVB8tP7Fl0aIDGdzVNNwqwpQ==",
      "license": "MIT",
      "bin": {
        "pnpm": "bin/pnpm.cjs",
        "pnpx": "bin/pnpx.cjs"
      },
      "engines": {
        "node": ">=12.17"
      },
      "funding": {
        "url": "https://opencollective.com/pnpm"
      }
    }
  }
}
